// !$*UTF8*$!
{
	archiveVersion = 1;
	classes = {
	};
	objectVersion = 46;
	objects = {

/* Begin PBXBuildFile section */
		FBFF76921C3AE287002BEBC0 /* AppDelegate.swift in Sources */ = {isa = PBXBuildFile; fileRef = FBFF76911C3AE287002BEBC0 /* AppDelegate.swift */; };
		FBFF76941C3AE287002BEBC0 /* ViewController.swift in Sources */ = {isa = PBXBuildFile; fileRef = FBFF76931C3AE287002BEBC0 /* ViewController.swift */; };
		FBFF76971C3AE287002BEBC0 /* Main.storyboard in Resources */ = {isa = PBXBuildFile; fileRef = FBFF76951C3AE287002BEBC0 /* Main.storyboard */; };
		FBFF769A1C3AE287002BEBC0 /* elref.xcdatamodeld in Sources */ = {isa = PBXBuildFile; fileRef = FBFF76981C3AE287002BEBC0 /* elref.xcdatamodeld */; };
		FBFF769C1C3AE287002BEBC0 /* Assets.xcassets in Resources */ = {isa = PBXBuildFile; fileRef = FBFF769B1C3AE287002BEBC0 /* Assets.xcassets */; };
		FBFF769F1C3AE287002BEBC0 /* LaunchScreen.storyboard in Resources */ = {isa = PBXBuildFile; fileRef = FBFF769D1C3AE287002BEBC0 /* LaunchScreen.storyboard */; };
/* End PBXBuildFile section */

/* Begin PBXFileReference section */
		FBFF768E1C3AE287002BEBC0 /* elref.app */ = {isa = PBXFileReference; explicitFileType = wrapper.application; includeInIndex = 0; path = elref.app; sourceTree = BUILT_PRODUCTS_DIR; };
		FBFF76911C3AE287002BEBC0 /* AppDelegate.swift */ = {isa = PBXFileReference; lastKnownFileType = sourcecode.swift; path = AppDelegate.swift; sourceTree = "<group>"; };
		FBFF76931C3AE287002BEBC0 /* ViewController.swift */ = {isa = PBXFileReference; lastKnownFileType = sourcecode.swift; path = ViewController.swift; sourceTree = "<group>"; };
		FBFF76961C3AE287002BEBC0 /* Base */ = {isa = PBXFileReference; lastKnownFileType = file.storyboard; name = Base; path = Base.lproj/Main.storyboard; sourceTree = "<group>"; };
		FBFF76991C3AE287002BEBC0 /* elref.xcdatamodel */ = {isa = PBXFileReference; lastKnownFileType = wrapper.xcdatamodel; path = elref.xcdatamodel; sourceTree = "<group>"; };
		FBFF769B1C3AE287002BEBC0 /* Assets.xcassets */ = {isa = PBXFileReference; lastKnownFileType = folder.assetcatalog; path = Assets.xcassets; sourceTree = "<group>"; };
		FBFF769E1C3AE287002BEBC0 /* Base */ = {isa = PBXFileReference; lastKnownFileType = file.storyboard; name = Base; path = Base.lproj/LaunchScreen.storyboard; sourceTree = "<group>"; };
		FBFF76A01C3AE287002BEBC0 /* Info.plist */ = {isa = PBXFileReference; lastKnownFileType = text.plist.xml; path = Info.plist; sourceTree = "<group>"; };
/* End PBXFileReference section */

/* Begin PBXFrameworksBuildPhase section */
		FBFF768B1C3AE287002BEBC0 /* Frameworks */ = {
			isa = PBXFrameworksBuildPhase;
			buildActionMask = 2147483647;
			files = (
			);
			runOnlyForDeploymentPostprocessing = 0;
		};
/* End PBXFrameworksBuildPhase section */

/* Begin PBXGroup section */
		FBFF76851C3AE287002BEBC0 = {
			isa = PBXGroup;
			children = (
				FBFF76901C3AE287002BEBC0 /* elref */,
				FBFF768F1C3AE287002BEBC0 /* Products */,
			);
			sourceTree = "<group>";
		};
		FBFF768F1C3AE287002BEBC0 /* Products */ = {
			isa = PBXGroup;
			children = (
				FBFF768E1C3AE287002BEBC0 /* elref.app */,
			);
			name = Products;
			sourceTree = "<group>";
		};
		FBFF76901C3AE287002BEBC0 /* elref */ = {
			isa = PBXGroup;
			children = (
				FBFF76911C3AE287002BEBC0 /* AppDelegate.swift */,
				FBFF76931C3AE287002BEBC0 /* ViewController.swift */,
				FBFF76951C3AE287002BEBC0 /* Main.storyboard */,
				FBFF769B1C3AE287002BEBC0 /* Assets.xcassets */,
				FBFF769D1C3AE287002BEBC0 /* LaunchScreen.storyboard */,
				FBFF76A01C3AE287002BEBC0 /* Info.plist */,
				FBFF76981C3AE287002BEBC0 /* elref.xcdatamodeld */,
			);
			path = elref;
			sourceTree = "<group>";
		};
/* End PBXGroup section */

/* Begin PBXNativeTarget section */
		FBFF768D1C3AE287002BEBC0 /* elref */ = {
			isa = PBXNativeTarget;
			buildConfigurationList = FBFF76A31C3AE287002BEBC0 /* Build configuration list for PBXNativeTarget "elref" */;
			buildPhases = (
				FBFF768A1C3AE287002BEBC0 /* Sources */,
				FBFF768B1C3AE287002BEBC0 /* Frameworks */,
				FBFF768C1C3AE287002BEBC0 /* Resources */,
			);
			buildRules = (
			);
			dependencies = (
			);
			name = elref;
			productName = elref;
			productReference = FBFF768E1C3AE287002BEBC0 /* elref.app */;
			productType = "com.apple.product-type.application";
		};
/* End PBXNativeTarget section */

/* Begin PBXProject section */
		FBFF76861C3AE287002BEBC0 /* Project object */ = {
			isa = PBXProject;
			attributes = {
				LastSwiftUpdateCheck = 0720;
				LastUpgradeCheck = 0720;
				ORGANIZATIONNAME = "Dj Dance";
				TargetAttributes = {
					FBFF768D1C3AE287002BEBC0 = {
						CreatedOnToolsVersion = 7.2;
					};
				};
			};
			buildConfigurationList = FBFF76891C3AE287002BEBC0 /* Build configuration list for PBXProject "elref" */;
			compatibilityVersion = "Xcode 3.2";
			developmentRegion = English;
			hasScannedForEncodings = 0;
			knownRegions = (
				en,
				Base,
			);
			mainGroup = FBFF76851C3AE287002BEBC0;
			productRefGroup = FBFF768F1C3AE287002BEBC0 /* Products */;
			projectDirPath = "";
			projectRoot = "";
			targets = (
				FBFF768D1C3AE287002BEBC0 /* elref */,
			);
		};
/* End PBXProject section */

/* Begin PBXResourcesBuildPhase section */
		FBFF768C1C3AE287002BEBC0 /* Resources */ = {
			isa = PBXResourcesBuildPhase;
			buildActionMask = 2147483647;
			files = (
				FBFF769F1C3AE287002BEBC0 /* LaunchScreen.storyboard in Resources */,
				FBFF769C1C3AE287002BEBC0 /* Assets.xcassets in Resources */,
				FBFF76971C3AE287002BEBC0 /* Main.storyboard in Resources */,
			);
			runOnlyForDeploymentPostprocessing = 0;
		};
/* End PBXResourcesBuildPhase section */

/* Begin PBXSourcesBuildPhase section */
		FBFF768A1C3AE287002BEBC0 /* Sources */ = {
			isa = PBXSourcesBuildPhase;
			buildActionMask = 2147483647;
			files = (
				FBFF76941C3AE287002BEBC0 /* ViewController.swift in Sources */,
				FBFF76921C3AE287002BEBC0 /* AppDelegate.swift in Sources */,
				FBFF769A1C3AE287002BEBC0 /* elref.xcdatamodeld in Sources */,
			);
			runOnlyForDeploymentPostprocessing = 0;
		};
/* End PBXSourcesBuildPhase section */

/* Begin PBXVariantGroup section */
		FBFF76951C3AE287002BEBC0 /* Main.storyboard */ = {
			isa = PBXVariantGroup;
			children = (
				FBFF76961C3AE287002BEBC0 /* Base */,
			);
			name = Main.storyboard;
			sourceTree = "<group>";
		};
		FBFF769D1C3AE287002BEBC0 /* LaunchScreen.storyboard */ = {
			isa = PBXVariantGroup;
			children = (
				FBFF769E1C3AE287002BEBC0 /* Base */,
			);
			name = LaunchScreen.storyboard;
			sourceTree = "<group>";
		};
/* End PBXVariantGroup section */

/* Begin XCBuildConfiguration section */
		FBFF76A11C3AE287002BEBC0 /* Debug */ = {
			isa = XCBuildConfiguration;
			buildSettings = {
				ALWAYS_SEARCH_USER_PATHS = NO;
				CLANG_CXX_LANGUAGE_STANDARD = "gnu++0x";
				CLANG_CXX_LIBRARY = "libc++";
				CLANG_ENABLE_MODULES = YES;
				CLANG_ENABLE_OBJC_ARC = YES;
				CLANG_WARN_BOOL_CONVERSION = YES;
				CLANG_WARN_CONSTANT_CONVERSION = YES;
				CLANG_WARN_DIRECT_OBJC_ISA_USAGE = YES_ERROR;
				CLANG_WARN_EMPTY_BODY = YES;
				CLANG_WARN_ENUM_CONVERSION = YES;
				CLANG_WARN_INT_CONVERSION = YES;
				CLANG_WARN_OBJC_ROOT_CLASS = YES_ERROR;
				CLANG_WARN_UNREACHABLE_CODE = YES;
				CLANG_WARN__DUPLICATE_METHOD_MATCH = YES;
				"CODE_SIGN_IDENTITY[sdk=iphoneos*]" = "iPhone Developer";
				COPY_PHASE_STRIP = NO;
				DEBUG_INFORMATION_FORMAT = dwarf;
				ENABLE_STRICT_OBJC_MSGSEND = YES;
				ENABLE_TESTABILITY = YES;
				GCC_C_LANGUAGE_STANDARD = gnu99;
				GCC_DYNAMIC_NO_PIC = NO;
				GCC_NO_COMMON_BLOCKS = YES;
				GCC_OPTIMIZATION_LEVEL = 0;
				GCC_PREPROCESSOR_DEFINITIONS = (
					"DEBUG=1",
					"$(inherited)",
				);
				GCC_WARN_64_TO_32_BIT_CONVERSION = YES;
				GCC_WARN_ABOUT_RETURN_TYPE = YES_ERROR;
				GCC_WARN_UNDECLARED_SELECTOR = YES;
				GCC_WARN_UNINITIALIZED_AUTOS = YES_AGGRESSIVE;
				GCC_WARN_UNUSED_FUNCTION = YES;
				GCC_WARN_UNUSED_VARIABLE = YES;
				IPHONEOS_DEPLOYMENT_TARGET = 9.2;
				MTL_ENABLE_DEBUG_INFO = YES;
				ONLY_ACTIVE_ARCH = YES;
				SDKROOT = iphoneos;
				SWIFT_OPTIMIZATION_LEVEL = "-Onone";
				TARGETED_DEVICE_FAMILY = "1,2";
			};
			name = Debug;
		};
		FBFF76A21C3AE287002BEBC0 /* Release */ = {
			isa = XCBuildConfiguration;
			buildSettings = {
				ALWAYS_SEARCH_USER_PATHS = NO;
				CLANG_CXX_LANGUAGE_STANDARD = "gnu++0x";
				CLANG_CXX_LIBRARY = "libc++";
				CLANG_ENABLE_MODULES = YES;
				CLANG_ENABLE_OBJC_ARC = YES;
				CLANG_WARN_BOOL_CONVERSION = YES;
				CLANG_WARN_CONSTANT_CONVERSION = YES;
				CLANG_WARN_DIRECT_OBJC_ISA_USAGE = YES_ERROR;
				CLANG_WARN_EMPTY_BODY = YES;
				CLANG_WARN_ENUM_CONVERSION = YES;
				CLANG_WARN_INT_CONVERSION = YES;
				CLANG_WARN_OBJC_ROOT_CLASS = YES_ERROR;
				CLANG_WARN_UNREACHABLE_CODE = YES;
				CLANG_WARN__DUPLICATE_METHOD_MATCH = YES;
				"CODE_SIGN_IDENTITY[sdk=iphoneos*]" = "iPhone Developer";
				COPY_PHASE_STRIP = NO;
				DEBUG_INFORMATION_FORMAT = "dwarf-with-dsym";
				ENABLE_NS_ASSERTIONS = NO;
				ENABLE_STRICT_OBJC_MSGSEND = YES;
				GCC_C_LANGUAGE_STANDARD = gnu99;
				GCC_NO_COMMON_BLOCKS = YES;
				GCC_WARN_64_TO_32_BIT_CONVERSION = YES;
				GCC_WARN_ABOUT_RETURN_TYPE = YES_ERROR;
				GCC_WARN_UNDECLARED_SELECTOR = YES;
				GCC_WARN_UNINITIALIZED_AUTOS = YES_AGGRESSIVE;
				GCC_WARN_UNUSED_FUNCTION = YES;
				GCC_WARN_UNUSED_VARIABLE = YES;
				IPHONEOS_DEPLOYMENT_TARGET = 9.2;
				MTL_ENABLE_DEBUG_INFO = NO;
				SDKROOT = iphoneos;
				TARGETED_DEVICE_FAMILY = "1,2";
				VALIDATE_PRODUCT = YES;
			};
			name = Release;
		};
		FBFF76A41C3AE287002BEBC0 /* Debug */ = {
			isa = XCBuildConfiguration;
			buildSettings = {
				ASSETCATALOG_COMPILER_APPICON_NAME = AppIcon;
				INFOPLIST_FILE = elref/Info.plist;
				LD_RUNPATH_SEARCH_PATHS = "$(inherited) @executable_path/Frameworks";
				PRODUCT_BUNDLE_IDENTIFIER = ru.orgcom.elref;
				PRODUCT_NAME = "$(TARGET_NAME)";
			};
			name = Debug;
		};
		FBFF76A51C3AE287002BEBC0 /* Release */ = {
			isa = XCBuildConfiguration;
			buildSettings = {
				ASSETCATALOG_COMPILER_APPICON_NAME = AppIcon;
				INFOPLIST_FILE = elref/Info.plist;
				LD_RUNPATH_SEARCH_PATHS = "$(inherited) @executable_path/Frameworks";
				PRODUCT_BUNDLE_IDENTIFIER = ru.orgcom.elref;
				PRODUCT_NAME = "$(TARGET_NAME)";
			};
			name = Release;
		};
/* End XCBuildConfiguration section */

/* Begin XCConfigurationList section */
		FBFF76891C3AE287002BEBC0 /* Build configuration list for PBXProject "elref" */ = {
			isa = XCConfigurationList;
			buildConfigurations = (
				FBFF76A11C3AE287002BEBC0 /* Debug */,
				FBFF76A21C3AE287002BEBC0 /* Release */,
			);
			defaultConfigurationIsVisible = 0;
			defaultConfigurationName = Release;
		};
		FBFF76A31C3AE287002BEBC0 /* Build configuration list for PBXNativeTarget "elref" */ = {
			isa = XCConfigurationList;
			buildConfigurations = (
				FBFF76A41C3AE287002BEBC0 /* Debug */,
				FBFF76A51C3AE287002BEBC0 /* Release */,
			);
			defaultConfigurationIsVisible = 0;
		};
/* End XCConfigurationList section */

/* Begin XCVersionGroup section */
		FBFF76981C3AE287002BEBC0 /* elref.xcdatamodeld */ = {
			isa = XCVersionGroup;
			children = (
				FBFF76991C3AE287002BEBC0 /* elref.xcdatamodel */,
			);
			currentVersion = FBFF76991C3AE287002BEBC0 /* elref.xcdatamodel */;
			path = elref.xcdatamodeld;
			sourceTree = "<group>";
			versionGroupType = wrapper.xcdatamodel;
		};
/* End XCVersionGroup section */
	};
	rootObject = FBFF76861C3AE287002BEBC0 /* Project object */;
}
