// !$*UTF8*$!
{
	archiveVersion = 1;
	classes = {
	};
	objectVersion = 46;
	objects = {

/* Begin PBXBuildFile section */
		A1ADA268D35656A19D52EEF0 /* Pods_clicknsay.framework in Frameworks */ = {isa = PBXBuildFile; fileRef = 5BC9E79417302E9C25B850B6 /* Pods_clicknsay.framework */; };
		FB04C7B11C444AA6000F2C27 /* delay.swift in Sources */ = {isa = PBXBuildFile; fileRef = FB04C7B01C444AA6000F2C27 /* delay.swift */; };
		FB1348E91CBD81E600B177D8 /* SystemConfiguration.framework in Frameworks */ = {isa = PBXBuildFile; fileRef = FB1348E81CBD81E600B177D8 /* SystemConfiguration.framework */; };
		FB1348EB1CC810A100B177D8 /* Device.swift in Sources */ = {isa = PBXBuildFile; fileRef = FB1348EA1CC810A100B177D8 /* Device.swift */; };
		FB2BA5071D05FCE1003E9EF5 /* Word.swift in Sources */ = {isa = PBXBuildFile; fileRef = FB2BA5061D05FCE1003E9EF5 /* Word.swift */; };
		FB2BA5091D05FDEB003E9EF5 /* Kids.swift in Sources */ = {isa = PBXBuildFile; fileRef = FB2BA5081D05FDEB003E9EF5 /* Kids.swift */; };
		FB2BA50D1D10A929003E9EF5 /* WordsViewController.swift in Sources */ = {isa = PBXBuildFile; fileRef = FB2BA50C1D10A929003E9EF5 /* WordsViewController.swift */; };
		FB2E4FF71C3EA9E1000CA8A3 /* Toast.swift in Sources */ = {isa = PBXBuildFile; fileRef = FB2E4FF61C3EA9E1000CA8A3 /* Toast.swift */; };
		FB2E4FFA1C3EEF08000CA8A3 /* Popups.swift in Sources */ = {isa = PBXBuildFile; fileRef = FB2E4FF91C3EEF08000CA8A3 /* Popups.swift */; };
		FB2E4FFE1C41A517000CA8A3 /* SwiftyJSON.swift in Sources */ = {isa = PBXBuildFile; fileRef = FB2E4FFD1C41A517000CA8A3 /* SwiftyJSON.swift */; };
		FB9E2D1D1D2005B90072EBE4 /* KidTableViewCell.swift in Sources */ = {isa = PBXBuildFile; fileRef = FB9E2D1C1D2005B90072EBE4 /* KidTableViewCell.swift */; };
		FB9E2D1F1D2005D00072EBE4 /* WordTableViewCell.swift in Sources */ = {isa = PBXBuildFile; fileRef = FB9E2D1E1D2005D00072EBE4 /* WordTableViewCell.swift */; };
		FBFF76921C3AE287002BEBC0 /* AppDelegate.swift in Sources */ = {isa = PBXBuildFile; fileRef = FBFF76911C3AE287002BEBC0 /* AppDelegate.swift */; };
		FBFF76971C3AE287002BEBC0 /* Main.storyboard in Resources */ = {isa = PBXBuildFile; fileRef = FBFF76951C3AE287002BEBC0 /* Main.storyboard */; };
		FBFF769A1C3AE287002BEBC0 /* elref.xcdatamodeld in Sources */ = {isa = PBXBuildFile; fileRef = FBFF76981C3AE287002BEBC0 /* elref.xcdatamodeld */; };
		FBFF769C1C3AE287002BEBC0 /* Assets.xcassets in Resources */ = {isa = PBXBuildFile; fileRef = FBFF769B1C3AE287002BEBC0 /* Assets.xcassets */; };
		FBFF769F1C3AE287002BEBC0 /* LaunchScreen.storyboard in Resources */ = {isa = PBXBuildFile; fileRef = FBFF769D1C3AE287002BEBC0 /* LaunchScreen.storyboard */; };
		FBFF76C91C3AFF6F002BEBC0 /* RootViewController.swift in Sources */ = {isa = PBXBuildFile; fileRef = FBFF76931C3AE287002BEBC0 /* RootViewController.swift */; };
		FBFF76D51C3B06E6002BEBC0 /* LeftSideViewController.swift in Sources */ = {isa = PBXBuildFile; fileRef = FBFF76D41C3B06E6002BEBC0 /* LeftSideViewController.swift */; };
		FBFF76E11C3B085F002BEBC0 /* MMDrawerBarButtonItem.m in Sources */ = {isa = PBXBuildFile; fileRef = FBFF76D91C3B085F002BEBC0 /* MMDrawerBarButtonItem.m */; };
		FBFF76E21C3B085F002BEBC0 /* MMDrawerController.m in Sources */ = {isa = PBXBuildFile; fileRef = FBFF76DB1C3B085F002BEBC0 /* MMDrawerController.m */; };
		FBFF76E31C3B085F002BEBC0 /* MMDrawerVisualState.m in Sources */ = {isa = PBXBuildFile; fileRef = FBFF76DE1C3B085F002BEBC0 /* MMDrawerVisualState.m */; };
		FBFF76E41C3B085F002BEBC0 /* UIViewController+MMDrawerController.m in Sources */ = {isa = PBXBuildFile; fileRef = FBFF76E01C3B085F002BEBC0 /* UIViewController+MMDrawerController.m */; };
		FBFF76E61C3B1201002BEBC0 /* drawerTableViewCell.swift in Sources */ = {isa = PBXBuildFile; fileRef = FBFF76E51C3B1201002BEBC0 /* drawerTableViewCell.swift */; };
		FBFF76EC1C3C1E81002BEBC0 /* Enum.swift in Sources */ = {isa = PBXBuildFile; fileRef = FBFF76E81C3C1E81002BEBC0 /* Enum.swift */; };
		FBFF76ED1C3C1E81002BEBC0 /* FontAwesome.otf in Resources */ = {isa = PBXBuildFile; fileRef = FBFF76EA1C3C1E81002BEBC0 /* FontAwesome.otf */; };
		FBFF76EE1C3C1E81002BEBC0 /* FontAwesome.swift in Sources */ = {isa = PBXBuildFile; fileRef = FBFF76EB1C3C1E81002BEBC0 /* FontAwesome.swift */; };
		FBFF76F51C3C36E7002BEBC0 /* MessageUI.framework in Frameworks */ = {isa = PBXBuildFile; fileRef = FBFF76F41C3C36E7002BEBC0 /* MessageUI.framework */; };
		FBFF76FF1C3C70B6002BEBC0 /* Settings.bundle in Resources */ = {isa = PBXBuildFile; fileRef = FBFF76FE1C3C70B6002BEBC0 /* Settings.bundle */; };
/* End PBXBuildFile section */

/* Begin PBXCopyFilesBuildPhase section */
		FB1348861CBD2E0300B177D8 /* CopyFiles */ = {
			isa = PBXCopyFilesBuildPhase;
			buildActionMask = 2147483647;
			dstPath = "";
			dstSubfolderSpec = 7;
			files = (
			);
			runOnlyForDeploymentPostprocessing = 0;
		};
		FBFF76C51C3AFEB0002BEBC0 /* Embed Frameworks */ = {
			isa = PBXCopyFilesBuildPhase;
			buildActionMask = 2147483647;
			dstPath = "";
			dstSubfolderSpec = 10;
			files = (
			);
			name = "Embed Frameworks";
			runOnlyForDeploymentPostprocessing = 0;
		};
/* End PBXCopyFilesBuildPhase section */

/* Begin PBXFileReference section */
		5BC9E79417302E9C25B850B6 /* Pods_clicknsay.framework */ = {isa = PBXFileReference; explicitFileType = wrapper.framework; includeInIndex = 0; path = Pods_clicknsay.framework; sourceTree = BUILT_PRODUCTS_DIR; };
		93A57A75A816D1D014019795 /* Pods-clicknsay.release.xcconfig */ = {isa = PBXFileReference; includeInIndex = 1; lastKnownFileType = text.xcconfig; name = "Pods-clicknsay.release.xcconfig"; path = "Pods/Target Support Files/Pods-clicknsay/Pods-clicknsay.release.xcconfig"; sourceTree = "<group>"; };
		A39CF9B5FE3B6D71D5C139BA /* Pods-clicknsay.debug.xcconfig */ = {isa = PBXFileReference; includeInIndex = 1; lastKnownFileType = text.xcconfig; name = "Pods-clicknsay.debug.xcconfig"; path = "Pods/Target Support Files/Pods-clicknsay/Pods-clicknsay.debug.xcconfig"; sourceTree = "<group>"; };
		FB04C7B01C444AA6000F2C27 /* delay.swift */ = {isa = PBXFileReference; fileEncoding = 4; lastKnownFileType = sourcecode.swift; path = delay.swift; sourceTree = "<group>"; };
		FB1348E81CBD81E600B177D8 /* SystemConfiguration.framework */ = {isa = PBXFileReference; lastKnownFileType = wrapper.framework; name = SystemConfiguration.framework; path = System/Library/Frameworks/SystemConfiguration.framework; sourceTree = SDKROOT; };
		FB1348EA1CC810A100B177D8 /* Device.swift */ = {isa = PBXFileReference; fileEncoding = 4; lastKnownFileType = sourcecode.swift; path = Device.swift; sourceTree = "<group>"; };
		FB2BA5061D05FCE1003E9EF5 /* Word.swift */ = {isa = PBXFileReference; fileEncoding = 4; lastKnownFileType = sourcecode.swift; path = Word.swift; sourceTree = "<group>"; };
		FB2BA5081D05FDEB003E9EF5 /* Kids.swift */ = {isa = PBXFileReference; fileEncoding = 4; lastKnownFileType = sourcecode.swift; path = Kids.swift; sourceTree = "<group>"; };
		FB2BA50C1D10A929003E9EF5 /* WordsViewController.swift */ = {isa = PBXFileReference; fileEncoding = 4; lastKnownFileType = sourcecode.swift; path = WordsViewController.swift; sourceTree = "<group>"; };
		FB2E4FF61C3EA9E1000CA8A3 /* Toast.swift */ = {isa = PBXFileReference; fileEncoding = 4; lastKnownFileType = sourcecode.swift; path = Toast.swift; sourceTree = "<group>"; };
		FB2E4FF91C3EEF08000CA8A3 /* Popups.swift */ = {isa = PBXFileReference; fileEncoding = 4; lastKnownFileType = sourcecode.swift; path = Popups.swift; sourceTree = "<group>"; };
		FB2E4FFD1C41A517000CA8A3 /* SwiftyJSON.swift */ = {isa = PBXFileReference; fileEncoding = 4; lastKnownFileType = sourcecode.swift; path = SwiftyJSON.swift; sourceTree = "<group>"; };
		FB9E2D1C1D2005B90072EBE4 /* KidTableViewCell.swift */ = {isa = PBXFileReference; fileEncoding = 4; lastKnownFileType = sourcecode.swift; path = KidTableViewCell.swift; sourceTree = "<group>"; };
		FB9E2D1E1D2005D00072EBE4 /* WordTableViewCell.swift */ = {isa = PBXFileReference; fileEncoding = 4; lastKnownFileType = sourcecode.swift; path = WordTableViewCell.swift; sourceTree = "<group>"; };
		FBFF768E1C3AE287002BEBC0 /* clicknsay.app */ = {isa = PBXFileReference; explicitFileType = wrapper.application; includeInIndex = 0; path = clicknsay.app; sourceTree = BUILT_PRODUCTS_DIR; };
		FBFF76911C3AE287002BEBC0 /* AppDelegate.swift */ = {isa = PBXFileReference; lastKnownFileType = sourcecode.swift; path = AppDelegate.swift; sourceTree = "<group>"; };
		FBFF76931C3AE287002BEBC0 /* RootViewController.swift */ = {isa = PBXFileReference; lastKnownFileType = sourcecode.swift; path = RootViewController.swift; sourceTree = "<group>"; };
		FBFF76961C3AE287002BEBC0 /* Base */ = {isa = PBXFileReference; lastKnownFileType = file.storyboard; name = Base; path = Base.lproj/Main.storyboard; sourceTree = "<group>"; };
		FBFF76991C3AE287002BEBC0 /* elref.xcdatamodel */ = {isa = PBXFileReference; lastKnownFileType = wrapper.xcdatamodel; path = elref.xcdatamodel; sourceTree = "<group>"; };
		FBFF769B1C3AE287002BEBC0 /* Assets.xcassets */ = {isa = PBXFileReference; lastKnownFileType = folder.assetcatalog; path = Assets.xcassets; sourceTree = "<group>"; };
		FBFF769E1C3AE287002BEBC0 /* Base */ = {isa = PBXFileReference; lastKnownFileType = file.storyboard; name = Base; path = Base.lproj/LaunchScreen.storyboard; sourceTree = "<group>"; };
		FBFF76A01C3AE287002BEBC0 /* Info.plist */ = {isa = PBXFileReference; lastKnownFileType = text.plist.xml; path = Info.plist; sourceTree = "<group>"; };
		FBFF76D41C3B06E6002BEBC0 /* LeftSideViewController.swift */ = {isa = PBXFileReference; fileEncoding = 4; lastKnownFileType = sourcecode.swift; path = LeftSideViewController.swift; sourceTree = "<group>"; };
		FBFF76D71C3B085F002BEBC0 /* clicknsay-Bridging-Header.h */ = {isa = PBXFileReference; lastKnownFileType = sourcecode.c.h; path = "clicknsay-Bridging-Header.h"; sourceTree = "<group>"; };
		FBFF76D81C3B085F002BEBC0 /* MMDrawerBarButtonItem.h */ = {isa = PBXFileReference; fileEncoding = 4; lastKnownFileType = sourcecode.c.h; path = MMDrawerBarButtonItem.h; sourceTree = "<group>"; };
		FBFF76D91C3B085F002BEBC0 /* MMDrawerBarButtonItem.m */ = {isa = PBXFileReference; fileEncoding = 4; lastKnownFileType = sourcecode.c.objc; path = MMDrawerBarButtonItem.m; sourceTree = "<group>"; };
		FBFF76DA1C3B085F002BEBC0 /* MMDrawerController.h */ = {isa = PBXFileReference; fileEncoding = 4; lastKnownFileType = sourcecode.c.h; path = MMDrawerController.h; sourceTree = "<group>"; };
		FBFF76DB1C3B085F002BEBC0 /* MMDrawerController.m */ = {isa = PBXFileReference; fileEncoding = 4; lastKnownFileType = sourcecode.c.objc; path = MMDrawerController.m; sourceTree = "<group>"; };
		FBFF76DC1C3B085F002BEBC0 /* MMDrawerController+Subclass.h */ = {isa = PBXFileReference; fileEncoding = 4; lastKnownFileType = sourcecode.c.h; path = "MMDrawerController+Subclass.h"; sourceTree = "<group>"; };
		FBFF76DD1C3B085F002BEBC0 /* MMDrawerVisualState.h */ = {isa = PBXFileReference; fileEncoding = 4; lastKnownFileType = sourcecode.c.h; path = MMDrawerVisualState.h; sourceTree = "<group>"; };
		FBFF76DE1C3B085F002BEBC0 /* MMDrawerVisualState.m */ = {isa = PBXFileReference; fileEncoding = 4; lastKnownFileType = sourcecode.c.objc; path = MMDrawerVisualState.m; sourceTree = "<group>"; };
		FBFF76DF1C3B085F002BEBC0 /* UIViewController+MMDrawerController.h */ = {isa = PBXFileReference; fileEncoding = 4; lastKnownFileType = sourcecode.c.h; path = "UIViewController+MMDrawerController.h"; sourceTree = "<group>"; };
		FBFF76E01C3B085F002BEBC0 /* UIViewController+MMDrawerController.m */ = {isa = PBXFileReference; fileEncoding = 4; lastKnownFileType = sourcecode.c.objc; path = "UIViewController+MMDrawerController.m"; sourceTree = "<group>"; };
		FBFF76E51C3B1201002BEBC0 /* drawerTableViewCell.swift */ = {isa = PBXFileReference; fileEncoding = 4; lastKnownFileType = sourcecode.swift; path = drawerTableViewCell.swift; sourceTree = "<group>"; };
		FBFF76E81C3C1E81002BEBC0 /* Enum.swift */ = {isa = PBXFileReference; fileEncoding = 4; lastKnownFileType = sourcecode.swift; path = Enum.swift; sourceTree = "<group>"; };
		FBFF76E91C3C1E81002BEBC0 /* FontAwesome.h */ = {isa = PBXFileReference; fileEncoding = 4; lastKnownFileType = sourcecode.c.h; path = FontAwesome.h; sourceTree = "<group>"; };
		FBFF76EA1C3C1E81002BEBC0 /* FontAwesome.otf */ = {isa = PBXFileReference; lastKnownFileType = file; path = FontAwesome.otf; sourceTree = "<group>"; };
		FBFF76EB1C3C1E81002BEBC0 /* FontAwesome.swift */ = {isa = PBXFileReference; fileEncoding = 4; lastKnownFileType = sourcecode.swift; path = FontAwesome.swift; sourceTree = "<group>"; };
		FBFF76F41C3C36E7002BEBC0 /* MessageUI.framework */ = {isa = PBXFileReference; lastKnownFileType = wrapper.framework; name = MessageUI.framework; path = System/Library/Frameworks/MessageUI.framework; sourceTree = SDKROOT; };
		FBFF76FE1C3C70B6002BEBC0 /* Settings.bundle */ = {isa = PBXFileReference; lastKnownFileType = "wrapper.plug-in"; path = Settings.bundle; sourceTree = "<group>"; };
/* End PBXFileReference section */

/* Begin PBXFrameworksBuildPhase section */
		FBFF768B1C3AE287002BEBC0 /* Frameworks */ = {
			isa = PBXFrameworksBuildPhase;
			buildActionMask = 2147483647;
			files = (
				FB1348E91CBD81E600B177D8 /* SystemConfiguration.framework in Frameworks */,
				FBFF76F51C3C36E7002BEBC0 /* MessageUI.framework in Frameworks */,
				A1ADA268D35656A19D52EEF0 /* Pods_clicknsay.framework in Frameworks */,
			);
			runOnlyForDeploymentPostprocessing = 0;
		};
/* End PBXFrameworksBuildPhase section */

/* Begin PBXGroup section */
		06B99D2E98E2E382855F3621 /* Frameworks */ = {
			isa = PBXGroup;
			children = (
				5BC9E79417302E9C25B850B6 /* Pods_clicknsay.framework */,
			);
			name = Frameworks;
			sourceTree = "<group>";
		};
		AE9A2A6570CE98C1899D5202 /* Pods */ = {
			isa = PBXGroup;
			children = (
				A39CF9B5FE3B6D71D5C139BA /* Pods-clicknsay.debug.xcconfig */,
				93A57A75A816D1D014019795 /* Pods-clicknsay.release.xcconfig */,
			);
			name = Pods;
			sourceTree = "<group>";
		};
		FB2E4FF81C3EA9EC000CA8A3 /* дополнения */ = {
			isa = PBXGroup;
			children = (
				FB1348E81CBD81E600B177D8 /* SystemConfiguration.framework */,
				FBFF76F41C3C36E7002BEBC0 /* MessageUI.framework */,
				FB04C7B01C444AA6000F2C27 /* delay.swift */,
				FB1348EA1CC810A100B177D8 /* Device.swift */,
				FB2E4FFD1C41A517000CA8A3 /* SwiftyJSON.swift */,
				FB2E4FF91C3EEF08000CA8A3 /* Popups.swift */,
				FB2E4FF61C3EA9E1000CA8A3 /* Toast.swift */,
				FBFF76D71C3B085F002BEBC0 /* clicknsay-Bridging-Header.h */,
				FBFF76E71C3C1E17002BEBC0 /* FontAwesome */,
			);
			name = "дополнения";
			sourceTree = "<group>";
		};
		FBFF76851C3AE287002BEBC0 = {
			isa = PBXGroup;
			children = (
				FBFF76901C3AE287002BEBC0 /* clicknsay */,
				FBFF768F1C3AE287002BEBC0 /* Products */,
				AE9A2A6570CE98C1899D5202 /* Pods */,
				06B99D2E98E2E382855F3621 /* Frameworks */,
			);
			sourceTree = "<group>";
		};
		FBFF768F1C3AE287002BEBC0 /* Products */ = {
			isa = PBXGroup;
			children = (
				FBFF768E1C3AE287002BEBC0 /* clicknsay.app */,
			);
			name = Products;
			sourceTree = "<group>";
		};
		FBFF76901C3AE287002BEBC0 /* clicknsay */ = {
			isa = PBXGroup;
			children = (
				FB2E4FF81C3EA9EC000CA8A3 /* дополнения */,
				FBFF76F31C3C2E96002BEBC0 /* drawer menu */,
				FBFF76911C3AE287002BEBC0 /* AppDelegate.swift */,
				FBFF76931C3AE287002BEBC0 /* RootViewController.swift */,
				FB2BA50C1D10A929003E9EF5 /* WordsViewController.swift */,
				FB9E2D1E1D2005D00072EBE4 /* WordTableViewCell.swift */,
				FB9E2D1C1D2005B90072EBE4 /* KidTableViewCell.swift */,
				FBFF76951C3AE287002BEBC0 /* Main.storyboard */,
				FBFF769D1C3AE287002BEBC0 /* LaunchScreen.storyboard */,
				FBFF76FE1C3C70B6002BEBC0 /* Settings.bundle */,
				FBFF769B1C3AE287002BEBC0 /* Assets.xcassets */,
				FBFF76A01C3AE287002BEBC0 /* Info.plist */,
				FBFF76981C3AE287002BEBC0 /* elref.xcdatamodeld */,
				FB2BA5061D05FCE1003E9EF5 /* Word.swift */,
				FB2BA5081D05FDEB003E9EF5 /* Kids.swift */,
			);
			name = clicknsay;
			path = elref;
			sourceTree = "<group>";
		};
		FBFF76D61C3B083C002BEBC0 /* drawer */ = {
			isa = PBXGroup;
			children = (
				FBFF76D81C3B085F002BEBC0 /* MMDrawerBarButtonItem.h */,
				FBFF76D91C3B085F002BEBC0 /* MMDrawerBarButtonItem.m */,
				FBFF76DA1C3B085F002BEBC0 /* MMDrawerController.h */,
				FBFF76DB1C3B085F002BEBC0 /* MMDrawerController.m */,
				FBFF76DC1C3B085F002BEBC0 /* MMDrawerController+Subclass.h */,
				FBFF76DD1C3B085F002BEBC0 /* MMDrawerVisualState.h */,
				FBFF76DE1C3B085F002BEBC0 /* MMDrawerVisualState.m */,
				FBFF76DF1C3B085F002BEBC0 /* UIViewController+MMDrawerController.h */,
				FBFF76E01C3B085F002BEBC0 /* UIViewController+MMDrawerController.m */,
			);
			name = drawer;
			sourceTree = "<group>";
		};
		FBFF76E71C3C1E17002BEBC0 /* FontAwesome */ = {
			isa = PBXGroup;
			children = (
				FBFF76EB1C3C1E81002BEBC0 /* FontAwesome.swift */,
				FBFF76E81C3C1E81002BEBC0 /* Enum.swift */,
				FBFF76E91C3C1E81002BEBC0 /* FontAwesome.h */,
				FBFF76EA1C3C1E81002BEBC0 /* FontAwesome.otf */,
			);
			name = FontAwesome;
			sourceTree = "<group>";
		};
		FBFF76F31C3C2E96002BEBC0 /* drawer menu */ = {
			isa = PBXGroup;
			children = (
				FBFF76D61C3B083C002BEBC0 /* drawer */,
				FBFF76E51C3B1201002BEBC0 /* drawerTableViewCell.swift */,
				FBFF76D41C3B06E6002BEBC0 /* LeftSideViewController.swift */,
			);
			name = "drawer menu";
			sourceTree = "<group>";
		};
/* End PBXGroup section */

/* Begin PBXNativeTarget section */
		FBFF768D1C3AE287002BEBC0 /* clicknsay */ = {
			isa = PBXNativeTarget;
			buildConfigurationList = FBFF76A31C3AE287002BEBC0 /* Build configuration list for PBXNativeTarget "clicknsay" */;
			buildPhases = (
				C09FBBFB309E7309201A6870 /* [CP] Check Pods Manifest.lock */,
				FBFF768A1C3AE287002BEBC0 /* Sources */,
				FBFF768B1C3AE287002BEBC0 /* Frameworks */,
				FBFF768C1C3AE287002BEBC0 /* Resources */,
				FBFF76C51C3AFEB0002BEBC0 /* Embed Frameworks */,
				FB1348861CBD2E0300B177D8 /* CopyFiles */,
				AC24FD270A957FDFFC85BFC4 /* [CP] Embed Pods Frameworks */,
				7F6A4A5AD07B06C4F7C3CCBB /* [CP] Copy Pods Resources */,
			);
			buildRules = (
			);
			dependencies = (
			);
			name = clicknsay;
			productName = elref;
			productReference = FBFF768E1C3AE287002BEBC0 /* clicknsay.app */;
			productType = "com.apple.product-type.application";
		};
/* End PBXNativeTarget section */

/* Begin PBXProject section */
		FBFF76861C3AE287002BEBC0 /* Project object */ = {
			isa = PBXProject;
			attributes = {
				LastSwiftUpdateCheck = 0720;
				LastUpgradeCheck = 0720;
				ORGANIZATIONNAME = "Dj Dance";
				TargetAttributes = {
					FBFF768D1C3AE287002BEBC0 = {
						CreatedOnToolsVersion = 7.2;
						DevelopmentTeam = 72MX835356;
						SystemCapabilities = {
							com.apple.BackgroundModes = {
								enabled = 0;
							};
							com.apple.InAppPurchase = {
								enabled = 0;
							};
						};
					};
				};
			};
			buildConfigurationList = FBFF76891C3AE287002BEBC0 /* Build configuration list for PBXProject "clicknsay" */;
			compatibilityVersion = "Xcode 3.2";
			developmentRegion = English;
			hasScannedForEncodings = 0;
			knownRegions = (
				en,
				Base,
			);
			mainGroup = FBFF76851C3AE287002BEBC0;
			productRefGroup = FBFF768F1C3AE287002BEBC0 /* Products */;
			projectDirPath = "";
			projectRoot = "";
			targets = (
				FBFF768D1C3AE287002BEBC0 /* clicknsay */,
			);
		};
/* End PBXProject section */

/* Begin PBXResourcesBuildPhase section */
		FBFF768C1C3AE287002BEBC0 /* Resources */ = {
			isa = PBXResourcesBuildPhase;
			buildActionMask = 2147483647;
			files = (
				FBFF769F1C3AE287002BEBC0 /* LaunchScreen.storyboard in Resources */,
				FBFF769C1C3AE287002BEBC0 /* Assets.xcassets in Resources */,
				FBFF76FF1C3C70B6002BEBC0 /* Settings.bundle in Resources */,
				FBFF76ED1C3C1E81002BEBC0 /* FontAwesome.otf in Resources */,
				FBFF76971C3AE287002BEBC0 /* Main.storyboard in Resources */,
			);
			runOnlyForDeploymentPostprocessing = 0;
		};
/* End PBXResourcesBuildPhase section */

/* Begin PBXShellScriptBuildPhase section */
		7F6A4A5AD07B06C4F7C3CCBB /* [CP] Copy Pods Resources */ = {
			isa = PBXShellScriptBuildPhase;
			buildActionMask = 2147483647;
			files = (
			);
			inputPaths = (
			);
			name = "[CP] Copy Pods Resources";
			outputPaths = (
			);
			runOnlyForDeploymentPostprocessing = 0;
			shellPath = /bin/sh;
			shellScript = "\"${SRCROOT}/Pods/Target Support Files/Pods-clicknsay/Pods-clicknsay-resources.sh\"\n";
			showEnvVarsInLog = 0;
		};
		AC24FD270A957FDFFC85BFC4 /* [CP] Embed Pods Frameworks */ = {
			isa = PBXShellScriptBuildPhase;
			buildActionMask = 2147483647;
			files = (
			);
			inputPaths = (
			);
			name = "[CP] Embed Pods Frameworks";
			outputPaths = (
			);
			runOnlyForDeploymentPostprocessing = 0;
			shellPath = /bin/sh;
			shellScript = "\"${SRCROOT}/Pods/Target Support Files/Pods-clicknsay/Pods-clicknsay-frameworks.sh\"\n";
			showEnvVarsInLog = 0;
		};
		C09FBBFB309E7309201A6870 /* [CP] Check Pods Manifest.lock */ = {
			isa = PBXShellScriptBuildPhase;
			buildActionMask = 2147483647;
			files = (
			);
			inputPaths = (
			);
			name = "[CP] Check Pods Manifest.lock";
			outputPaths = (
			);
			runOnlyForDeploymentPostprocessing = 0;
			shellPath = /bin/sh;
			shellScript = "diff \"${PODS_ROOT}/../Podfile.lock\" \"${PODS_ROOT}/Manifest.lock\" > /dev/null\nif [[ $? != 0 ]] ; then\n    cat << EOM\nerror: The sandbox is not in sync with the Podfile.lock. Run 'pod install' or update your CocoaPods installation.\nEOM\n    exit 1\nfi\n";
			showEnvVarsInLog = 0;
		};
/* End PBXShellScriptBuildPhase section */

/* Begin PBXSourcesBuildPhase section */
		FBFF768A1C3AE287002BEBC0 /* Sources */ = {
			isa = PBXSourcesBuildPhase;
			buildActionMask = 2147483647;
			files = (
				FBFF76C91C3AFF6F002BEBC0 /* RootViewController.swift in Sources */,
				FB2BA5091D05FDEB003E9EF5 /* Kids.swift in Sources */,
				FB9E2D1D1D2005B90072EBE4 /* KidTableViewCell.swift in Sources */,
				FB2BA50D1D10A929003E9EF5 /* WordsViewController.swift in Sources */,
				FBFF76921C3AE287002BEBC0 /* AppDelegate.swift in Sources */,
				FB04C7B11C444AA6000F2C27 /* delay.swift in Sources */,
				FBFF76E11C3B085F002BEBC0 /* MMDrawerBarButtonItem.m in Sources */,
				FB2E4FF71C3EA9E1000CA8A3 /* Toast.swift in Sources */,
				FBFF76E41C3B085F002BEBC0 /* UIViewController+MMDrawerController.m in Sources */,
				FBFF76E61C3B1201002BEBC0 /* drawerTableViewCell.swift in Sources */,
				FB9E2D1F1D2005D00072EBE4 /* WordTableViewCell.swift in Sources */,
				FB2E4FFE1C41A517000CA8A3 /* SwiftyJSON.swift in Sources */,
				FBFF76D51C3B06E6002BEBC0 /* LeftSideViewController.swift in Sources */,
				FBFF76E21C3B085F002BEBC0 /* MMDrawerController.m in Sources */,
				FB2BA5071D05FCE1003E9EF5 /* Word.swift in Sources */,
				FBFF769A1C3AE287002BEBC0 /* elref.xcdatamodeld in Sources */,
				FB1348EB1CC810A100B177D8 /* Device.swift in Sources */,
				FBFF76EC1C3C1E81002BEBC0 /* Enum.swift in Sources */,
				FBFF76EE1C3C1E81002BEBC0 /* FontAwesome.swift in Sources */,
				FB2E4FFA1C3EEF08000CA8A3 /* Popups.swift in Sources */,
				FBFF76E31C3B085F002BEBC0 /* MMDrawerVisualState.m in Sources */,
			);
			runOnlyForDeploymentPostprocessing = 0;
		};
/* End PBXSourcesBuildPhase section */

/* Begin PBXVariantGroup section */
		FBFF76951C3AE287002BEBC0 /* Main.storyboard */ = {
			isa = PBXVariantGroup;
			children = (
				FBFF76961C3AE287002BEBC0 /* Base */,
			);
			name = Main.storyboard;
			sourceTree = "<group>";
		};
		FBFF769D1C3AE287002BEBC0 /* LaunchScreen.storyboard */ = {
			isa = PBXVariantGroup;
			children = (
				FBFF769E1C3AE287002BEBC0 /* Base */,
			);
			name = LaunchScreen.storyboard;
			sourceTree = "<group>";
		};
/* End PBXVariantGroup section */

/* Begin XCBuildConfiguration section */
		FBFF76A11C3AE287002BEBC0 /* Debug */ = {
			isa = XCBuildConfiguration;
			buildSettings = {
				ALWAYS_SEARCH_USER_PATHS = NO;
				CLANG_CXX_LANGUAGE_STANDARD = "gnu++0x";
				CLANG_CXX_LIBRARY = "libc++";
				CLANG_ENABLE_MODULES = YES;
				CLANG_ENABLE_OBJC_ARC = YES;
				CLANG_WARN_BOOL_CONVERSION = YES;
				CLANG_WARN_CONSTANT_CONVERSION = YES;
				CLANG_WARN_DIRECT_OBJC_ISA_USAGE = YES_ERROR;
				CLANG_WARN_EMPTY_BODY = YES;
				CLANG_WARN_ENUM_CONVERSION = YES;
				CLANG_WARN_INT_CONVERSION = YES;
				CLANG_WARN_OBJC_ROOT_CLASS = YES_ERROR;
				CLANG_WARN_UNREACHABLE_CODE = YES;
				CLANG_WARN__DUPLICATE_METHOD_MATCH = YES;
				"CODE_SIGN_IDENTITY[sdk=iphoneos*]" = "iPhone Developer";
				COPY_PHASE_STRIP = NO;
				DEBUG_INFORMATION_FORMAT = dwarf;
				ENABLE_STRICT_OBJC_MSGSEND = YES;
				ENABLE_TESTABILITY = YES;
				GCC_C_LANGUAGE_STANDARD = gnu99;
				GCC_DYNAMIC_NO_PIC = NO;
				GCC_NO_COMMON_BLOCKS = YES;
				GCC_OPTIMIZATION_LEVEL = 0;
				GCC_PREPROCESSOR_DEFINITIONS = (
					"DEBUG=1",
					"$(inherited)",
				);
				GCC_WARN_64_TO_32_BIT_CONVERSION = YES;
				GCC_WARN_ABOUT_RETURN_TYPE = YES_ERROR;
				GCC_WARN_UNDECLARED_SELECTOR = YES;
				GCC_WARN_UNINITIALIZED_AUTOS = YES_AGGRESSIVE;
				GCC_WARN_UNUSED_FUNCTION = YES;
				GCC_WARN_UNUSED_VARIABLE = YES;
				IPHONEOS_DEPLOYMENT_TARGET = 7.0;
				MTL_ENABLE_DEBUG_INFO = YES;
				ONLY_ACTIVE_ARCH = YES;
				SDKROOT = iphoneos;
				SWIFT_OPTIMIZATION_LEVEL = "-Onone";
				TARGETED_DEVICE_FAMILY = "1,2";
			};
			name = Debug;
		};
		FBFF76A21C3AE287002BEBC0 /* Release */ = {
			isa = XCBuildConfiguration;
			buildSettings = {
				ALWAYS_SEARCH_USER_PATHS = NO;
				CLANG_CXX_LANGUAGE_STANDARD = "gnu++0x";
				CLANG_CXX_LIBRARY = "libc++";
				CLANG_ENABLE_MODULES = YES;
				CLANG_ENABLE_OBJC_ARC = YES;
				CLANG_WARN_BOOL_CONVERSION = YES;
				CLANG_WARN_CONSTANT_CONVERSION = YES;
				CLANG_WARN_DIRECT_OBJC_ISA_USAGE = YES_ERROR;
				CLANG_WARN_EMPTY_BODY = YES;
				CLANG_WARN_ENUM_CONVERSION = YES;
				CLANG_WARN_INT_CONVERSION = YES;
				CLANG_WARN_OBJC_ROOT_CLASS = YES_ERROR;
				CLANG_WARN_UNREACHABLE_CODE = YES;
				CLANG_WARN__DUPLICATE_METHOD_MATCH = YES;
				"CODE_SIGN_IDENTITY[sdk=iphoneos*]" = "iPhone Developer";
				COPY_PHASE_STRIP = NO;
				DEBUG_INFORMATION_FORMAT = "dwarf-with-dsym";
				ENABLE_NS_ASSERTIONS = NO;
				ENABLE_STRICT_OBJC_MSGSEND = YES;
				GCC_C_LANGUAGE_STANDARD = gnu99;
				GCC_NO_COMMON_BLOCKS = YES;
				GCC_WARN_64_TO_32_BIT_CONVERSION = YES;
				GCC_WARN_ABOUT_RETURN_TYPE = YES_ERROR;
				GCC_WARN_UNDECLARED_SELECTOR = YES;
				GCC_WARN_UNINITIALIZED_AUTOS = YES_AGGRESSIVE;
				GCC_WARN_UNUSED_FUNCTION = YES;
				GCC_WARN_UNUSED_VARIABLE = YES;
				IPHONEOS_DEPLOYMENT_TARGET = 7.0;
				MTL_ENABLE_DEBUG_INFO = NO;
				SDKROOT = iphoneos;
				TARGETED_DEVICE_FAMILY = "1,2";
				VALIDATE_PRODUCT = YES;
			};
			name = Release;
		};
		FBFF76A41C3AE287002BEBC0 /* Debug */ = {
			isa = XCBuildConfiguration;
			baseConfigurationReference = A39CF9B5FE3B6D71D5C139BA /* Pods-clicknsay.debug.xcconfig */;
			buildSettings = {
				ASSETCATALOG_COMPILER_APPICON_NAME = "AppIcon-2";
				CLANG_ENABLE_MODULES = YES;
				CODE_SIGN_IDENTITY = "iPhone Developer";
				"CODE_SIGN_IDENTITY[sdk=iphoneos*]" = "iPhone Developer";
				FRAMEWORK_SEARCH_PATHS = (
					"$(inherited)",
					"$(PROJECT_DIR)/elref",
					"$(PROJECT_DIR)",
				);
				INFOPLIST_FILE = elref/Info.plist;
				IPHONEOS_DEPLOYMENT_TARGET = 9.0;
				LD_RUNPATH_SEARCH_PATHS = "$(inherited) @executable_path/Frameworks";
				PRODUCT_BUNDLE_IDENTIFIER = ru.djdance.clicknsay;
				PRODUCT_NAME = clicknsay;
				PROVISIONING_PROFILE = "";
				SWIFT_OBJC_BRIDGING_HEADER = "/Users/djdance/Documents/My iOS projects/clicknsay/elref/clicknsay-Bridging-Header.h";
				SWIFT_OPTIMIZATION_LEVEL = "-Onone";
			};
			name = Debug;
		};
		FBFF76A51C3AE287002BEBC0 /* Release */ = {
			isa = XCBuildConfiguration;
			baseConfigurationReference = 93A57A75A816D1D014019795 /* Pods-clicknsay.release.xcconfig */;
			buildSettings = {
				ASSETCATALOG_COMPILER_APPICON_NAME = "AppIcon-2";
				CLANG_ENABLE_MODULES = YES;
				CODE_SIGN_IDENTITY = "iPhone Developer";
				"CODE_SIGN_IDENTITY[sdk=iphoneos*]" = "iPhone Developer";
				FRAMEWORK_SEARCH_PATHS = (
					"$(inherited)",
					"$(PROJECT_DIR)/elref",
					"$(PROJECT_DIR)",
				);
				INFOPLIST_FILE = elref/Info.plist;
				IPHONEOS_DEPLOYMENT_TARGET = 9.0;
				LD_RUNPATH_SEARCH_PATHS = "$(inherited) @executable_path/Frameworks";
				PRODUCT_BUNDLE_IDENTIFIER = ru.djdance.clicknsay;
				PRODUCT_NAME = clicknsay;
				PROVISIONING_PROFILE = "";
				SWIFT_OBJC_BRIDGING_HEADER = "/Users/djdance/Documents/My iOS projects/clicknsay/elref/clicknsay-Bridging-Header.h";
			};
			name = Release;
		};
/* End XCBuildConfiguration section */

/* Begin XCConfigurationList section */
		FBFF76891C3AE287002BEBC0 /* Build configuration list for PBXProject "clicknsay" */ = {
			isa = XCConfigurationList;
			buildConfigurations = (
				FBFF76A11C3AE287002BEBC0 /* Debug */,
				FBFF76A21C3AE287002BEBC0 /* Release */,
			);
			defaultConfigurationIsVisible = 0;
			defaultConfigurationName = Release;
		};
		FBFF76A31C3AE287002BEBC0 /* Build configuration list for PBXNativeTarget "clicknsay" */ = {
			isa = XCConfigurationList;
			buildConfigurations = (
				FBFF76A41C3AE287002BEBC0 /* Debug */,
				FBFF76A51C3AE287002BEBC0 /* Release */,
			);
			defaultConfigurationIsVisible = 0;
			defaultConfigurationName = Release;
		};
/* End XCConfigurationList section */

/* Begin XCVersionGroup section */
		FBFF76981C3AE287002BEBC0 /* elref.xcdatamodeld */ = {
			isa = XCVersionGroup;
			children = (
				FBFF76991C3AE287002BEBC0 /* elref.xcdatamodel */,
			);
			currentVersion = FBFF76991C3AE287002BEBC0 /* elref.xcdatamodel */;
			path = elref.xcdatamodeld;
			sourceTree = "<group>";
			versionGroupType = wrapper.xcdatamodel;
		};
/* End XCVersionGroup section */
	};
	rootObject = FBFF76861C3AE287002BEBC0 /* Project object */;
}
